
Microsoft Visual Studio Solution File, Format Version 12.00
# Visual Studio Version 16
VisualStudioVersion = 16.0.30907.101
MinimumVisualStudioVersion = 10.0.40219.1
Project("{FAE04EC0-301F-11D3-BF4B-00C04F79EFBC}") = "Open Close Principle", "Open Close Principle\Open Close Principle.csproj", "{2B81826C-7F12-4EDC-9BBC-2C82836AC7A5}"
EndProject
Project("{9A19103F-16F7-4668-BE54-9A1E7A4F7556}") = "Single Responsibility Principle", "Single Responsibility Principle\Single Responsibility Principle.csproj", "{CEC9FD3B-0828-480C-B105-E8356E2F9D43}"
EndProject
Global
	GlobalSection(SolutionConfigurationPlatforms) = preSolution
		Debug|Any CPU = Debug|Any CPU
		Release|Any CPU = Release|Any CPU
	EndGlobalSection
	GlobalSection(ProjectConfigurationPlatforms) = postSolution
		{2B81826C-7F12-4EDC-9BBC-2C82836AC7A5}.Debug|Any CPU.ActiveCfg = Debug|Any CPU
		{2B81826C-7F12-4EDC-9BBC-2C82836AC7A5}.Debug|Any CPU.Build.0 = Debug|Any CPU
		{2B81826C-7F12-4EDC-9BBC-2C82836AC7A5}.Release|Any CPU.ActiveCfg = Release|Any CPU
		{2B81826C-7F12-4EDC-9BBC-2C82836AC7A5}.Release|Any CPU.Build.0 = Release|Any CPU
		{CEC9FD3B-0828-480C-B105-E8356E2F9D43}.Debug|Any CPU.ActiveCfg = Debug|Any CPU
		{CEC9FD3B-0828-480C-B105-E8356E2F9D43}.Debug|Any CPU.Build.0 = Debug|Any CPU
		{CEC9FD3B-0828-480C-B105-E8356E2F9D43}.Release|Any CPU.ActiveCfg = Release|Any CPU
		{CEC9FD3B-0828-480C-B105-E8356E2F9D43}.Release|Any CPU.Build.0 = Release|Any CPU
	EndGlobalSection
	GlobalSection(SolutionProperties) = preSolution
		HideSolutionNode = FALSE
	EndGlobalSection
	GlobalSection(ExtensibilityGlobals) = postSolution
		SolutionGuid = {64BF29B7-5202-43A9-BF13-82607860B877}
	EndGlobalSection
EndGlobal
